
Microsoft Visual Studio Solution File, Format Version 12.00
# Visual Studio Version 17
VisualStudioVersion = 17.12.35707.178 d17.12
MinimumVisualStudioVersion = 10.0.40219.1
Project("{2150E333-8FDC-42A3-9474-1A3956D46DE8}") = "src", "src", "{D765A91A-9553-4777-AA8E-E3E07345F3A4}"
EndProject
Project("{2150E333-8FDC-42A3-9474-1A3956D46DE8}") = "Core", "Core", "{77E2694C-AA2A-4DDC-A5BC-E673250D5141}"
EndProject
Project("{2150E333-8FDC-42A3-9474-1A3956D46DE8}") = "Application", "Application", "{E78312F7-48EA-4C89-B44E-A7451BF849B6}"
EndProject
Project("{2150E333-8FDC-42A3-9474-1A3956D46DE8}") = "Domain", "Domain", "{AEE91FF0-44DB-4787-AEB0-07701BB9DA44}"
EndProject
Project("{FAE04EC0-301F-11D3-BF4B-00C04F79EFBC}") = "ApplicationLayer", "ApplicationLayer\ApplicationLayer.csproj", "{F4B9D7C7-E860-4C62-88E2-F7C6ED7ED789}"
EndProject
Project("{FAE04EC0-301F-11D3-BF4B-00C04F79EFBC}") = "DomainLayer", "DomainLayer\DomainLayer.csproj", "{18B0DB96-E0AE-4724-9071-81350A766DC5}"
EndProject
Project("{2150E333-8FDC-42A3-9474-1A3956D46DE8}") = "Infrastructure", "Infrastructure", "{1EA9F937-3EF4-49C4-A7B5-2CE72E767A15}"
EndProject
Project("{FAE04EC0-301F-11D3-BF4B-00C04F79EFBC}") = "InfrastructureLayer", "InfrastructureLayer\InfrastructureLayer.csproj", "{E16D3603-CC7B-4C5C-9159-9F7C73E22A18}"
EndProject
Project("{2150E333-8FDC-42A3-9474-1A3956D46DE8}") = "Presentation", "Presentation", "{3AAD3D76-08C6-4150-A5B2-7A0087623721}"
EndProject
Project("{FAE04EC0-301F-11D3-BF4B-00C04F79EFBC}") = "PresentationApp", "PresentationApp\PresentationApp.csproj", "{0864EBA8-2A7A-4EF4-AC63-C34D182FC764}"
EndProject
Global
	GlobalSection(SolutionConfigurationPlatforms) = preSolution
		Debug|Any CPU = Debug|Any CPU
		Release|Any CPU = Release|Any CPU
	EndGlobalSection
	GlobalSection(ProjectConfigurationPlatforms) = postSolution
		{F4B9D7C7-E860-4C62-88E2-F7C6ED7ED789}.Debug|Any CPU.ActiveCfg = Debug|Any CPU
		{F4B9D7C7-E860-4C62-88E2-F7C6ED7ED789}.Debug|Any CPU.Build.0 = Debug|Any CPU
		{F4B9D7C7-E860-4C62-88E2-F7C6ED7ED789}.Release|Any CPU.ActiveCfg = Release|Any CPU
		{F4B9D7C7-E860-4C62-88E2-F7C6ED7ED789}.Release|Any CPU.Build.0 = Release|Any CPU
		{18B0DB96-E0AE-4724-9071-81350A766DC5}.Debug|Any CPU.ActiveCfg = Debug|Any CPU
		{18B0DB96-E0AE-4724-9071-81350A766DC5}.Debug|Any CPU.Build.0 = Debug|Any CPU
		{18B0DB96-E0AE-4724-9071-81350A766DC5}.Release|Any CPU.ActiveCfg = Release|Any CPU
		{18B0DB96-E0AE-4724-9071-81350A766DC5}.Release|Any CPU.Build.0 = Release|Any CPU
		{E16D3603-CC7B-4C5C-9159-9F7C73E22A18}.Debug|Any CPU.ActiveCfg = Debug|Any CPU
		{E16D3603-CC7B-4C5C-9159-9F7C73E22A18}.Debug|Any CPU.Build.0 = Debug|Any CPU
		{E16D3603-CC7B-4C5C-9159-9F7C73E22A18}.Release|Any CPU.ActiveCfg = Release|Any CPU
		{E16D3603-CC7B-4C5C-9159-9F7C73E22A18}.Release|Any CPU.Build.0 = Release|Any CPU
		{0864EBA8-2A7A-4EF4-AC63-C34D182FC764}.Debug|Any CPU.ActiveCfg = Debug|Any CPU
		{0864EBA8-2A7A-4EF4-AC63-C34D182FC764}.Debug|Any CPU.Build.0 = Debug|Any CPU
		{0864EBA8-2A7A-4EF4-AC63-C34D182FC764}.Release|Any CPU.ActiveCfg = Release|Any CPU
		{0864EBA8-2A7A-4EF4-AC63-C34D182FC764}.Release|Any CPU.Build.0 = Release|Any CPU
	EndGlobalSection
	GlobalSection(SolutionProperties) = preSolution
		HideSolutionNode = FALSE
	EndGlobalSection
	GlobalSection(NestedProjects) = preSolution
		{77E2694C-AA2A-4DDC-A5BC-E673250D5141} = {D765A91A-9553-4777-AA8E-E3E07345F3A4}
		{E78312F7-48EA-4C89-B44E-A7451BF849B6} = {77E2694C-AA2A-4DDC-A5BC-E673250D5141}
		{AEE91FF0-44DB-4787-AEB0-07701BB9DA44} = {77E2694C-AA2A-4DDC-A5BC-E673250D5141}
		{F4B9D7C7-E860-4C62-88E2-F7C6ED7ED789} = {E78312F7-48EA-4C89-B44E-A7451BF849B6}
		{18B0DB96-E0AE-4724-9071-81350A766DC5} = {AEE91FF0-44DB-4787-AEB0-07701BB9DA44}
		{1EA9F937-3EF4-49C4-A7B5-2CE72E767A15} = {D765A91A-9553-4777-AA8E-E3E07345F3A4}
		{E16D3603-CC7B-4C5C-9159-9F7C73E22A18} = {1EA9F937-3EF4-49C4-A7B5-2CE72E767A15}
		{3AAD3D76-08C6-4150-A5B2-7A0087623721} = {D765A91A-9553-4777-AA8E-E3E07345F3A4}
		{0864EBA8-2A7A-4EF4-AC63-C34D182FC764} = {3AAD3D76-08C6-4150-A5B2-7A0087623721}
	EndGlobalSection
EndGlobal
